
Microsoft Visual Studio Solution File, Format Version 12.00
# Visual Studio 15
VisualStudioVersion = 15.0.26430.12
MinimumVisualStudioVersion = 10.0.40219.1
Project("{FAE04EC0-301F-11D3-BF4B-00C04F79EFBC}") = "Cibertec.Web", "WebApplication1\Cibertec.Web.csproj", "{2927752C-2245-4937-B104-C979C4429D9D}"
EndProject
Project("{2150E333-8FDC-42A3-9474-1A3956D46DE8}") = "Data", "Data", "{372D2657-430D-400A-89C0-AE53FFE1FA35}"
EndProject
Project("{FAE04EC0-301F-11D3-BF4B-00C04F79EFBC}") = "Cibertec.Models", "Cibertec.Models\Cibertec.Models.csproj", "{E7E79F70-E02E-44EE-A59C-930B4263D810}"
EndProject
Project("{FAE04EC0-301F-11D3-BF4B-00C04F79EFBC}") = "Cibertec.Repositories", "Cibertec.Repositories\Cibertec.Repositories.csproj", "{7504B184-0114-4A6B-9E0A-B9F4403B2E6F}"
EndProject
Project("{FAE04EC0-301F-11D3-BF4B-00C04F79EFBC}") = "Cibertec.UnitOfWork", "Cibertec.UnitOfWork\Cibertec.UnitOfWork.csproj", "{A1ED1F2E-6D60-42E2-B13D-F5AB53B1BF66}"
EndProject
Project("{2150E333-8FDC-42A3-9474-1A3956D46DE8}") = "Tests", "Tests", "{47605C7E-3EA5-41B4-BB89-4D46643A3A0F}"
EndProject
Project("{FAE04EC0-301F-11D3-BF4B-00C04F79EFBC}") = "Cibertec.Repositories.Tests", "Cibertec.Repositories.Tests\Cibertec.Repositories.Tests.csproj", "{A4AE8341-98F8-4994-8079-C4BE7F6EDBB0}"
EndProject
Project("{FAE04EC0-301F-11D3-BF4B-00C04F79EFBC}") = "Cibertec.Web.Tests", "Cibertec.Web.Tests\Cibertec.Web.Tests.csproj", "{93DE41AD-3E86-4A04-AFE1-881FF762914A}"
EndProject
Project("{FAE04EC0-301F-11D3-BF4B-00C04F79EFBC}") = "Cibertec.MockData", "Cibertec.MockData\Cibertec.MockData.csproj", "{62ABB749-FBAF-45C0-B70B-FDC00774C92B}"
EndProject
Global
	GlobalSection(SolutionConfigurationPlatforms) = preSolution
		Debug|Any CPU = Debug|Any CPU
		Release|Any CPU = Release|Any CPU
	EndGlobalSection
	GlobalSection(ProjectConfigurationPlatforms) = postSolution
		{2927752C-2245-4937-B104-C979C4429D9D}.Debug|Any CPU.ActiveCfg = Debug|Any CPU
		{2927752C-2245-4937-B104-C979C4429D9D}.Debug|Any CPU.Build.0 = Debug|Any CPU
		{2927752C-2245-4937-B104-C979C4429D9D}.Release|Any CPU.ActiveCfg = Release|Any CPU
		{2927752C-2245-4937-B104-C979C4429D9D}.Release|Any CPU.Build.0 = Release|Any CPU
		{E7E79F70-E02E-44EE-A59C-930B4263D810}.Debug|Any CPU.ActiveCfg = Debug|Any CPU
		{E7E79F70-E02E-44EE-A59C-930B4263D810}.Debug|Any CPU.Build.0 = Debug|Any CPU
		{E7E79F70-E02E-44EE-A59C-930B4263D810}.Release|Any CPU.ActiveCfg = Release|Any CPU
		{E7E79F70-E02E-44EE-A59C-930B4263D810}.Release|Any CPU.Build.0 = Release|Any CPU
		{7504B184-0114-4A6B-9E0A-B9F4403B2E6F}.Debug|Any CPU.ActiveCfg = Debug|Any CPU
		{7504B184-0114-4A6B-9E0A-B9F4403B2E6F}.Debug|Any CPU.Build.0 = Debug|Any CPU
		{7504B184-0114-4A6B-9E0A-B9F4403B2E6F}.Release|Any CPU.ActiveCfg = Release|Any CPU
		{7504B184-0114-4A6B-9E0A-B9F4403B2E6F}.Release|Any CPU.Build.0 = Release|Any CPU
		{A1ED1F2E-6D60-42E2-B13D-F5AB53B1BF66}.Debug|Any CPU.ActiveCfg = Debug|Any CPU
		{A1ED1F2E-6D60-42E2-B13D-F5AB53B1BF66}.Debug|Any CPU.Build.0 = Debug|Any CPU
		{A1ED1F2E-6D60-42E2-B13D-F5AB53B1BF66}.Release|Any CPU.ActiveCfg = Release|Any CPU
		{A1ED1F2E-6D60-42E2-B13D-F5AB53B1BF66}.Release|Any CPU.Build.0 = Release|Any CPU
		{A4AE8341-98F8-4994-8079-C4BE7F6EDBB0}.Debug|Any CPU.ActiveCfg = Debug|Any CPU
		{A4AE8341-98F8-4994-8079-C4BE7F6EDBB0}.Debug|Any CPU.Build.0 = Debug|Any CPU
		{A4AE8341-98F8-4994-8079-C4BE7F6EDBB0}.Release|Any CPU.ActiveCfg = Release|Any CPU
		{A4AE8341-98F8-4994-8079-C4BE7F6EDBB0}.Release|Any CPU.Build.0 = Release|Any CPU
		{93DE41AD-3E86-4A04-AFE1-881FF762914A}.Debug|Any CPU.ActiveCfg = Debug|Any CPU
		{93DE41AD-3E86-4A04-AFE1-881FF762914A}.Debug|Any CPU.Build.0 = Debug|Any CPU
		{93DE41AD-3E86-4A04-AFE1-881FF762914A}.Release|Any CPU.ActiveCfg = Release|Any CPU
		{93DE41AD-3E86-4A04-AFE1-881FF762914A}.Release|Any CPU.Build.0 = Release|Any CPU
		{62ABB749-FBAF-45C0-B70B-FDC00774C92B}.Debug|Any CPU.ActiveCfg = Debug|Any CPU
		{62ABB749-FBAF-45C0-B70B-FDC00774C92B}.Debug|Any CPU.Build.0 = Debug|Any CPU
		{62ABB749-FBAF-45C0-B70B-FDC00774C92B}.Release|Any CPU.ActiveCfg = Release|Any CPU
		{62ABB749-FBAF-45C0-B70B-FDC00774C92B}.Release|Any CPU.Build.0 = Release|Any CPU
	EndGlobalSection
	GlobalSection(SolutionProperties) = preSolution
		HideSolutionNode = FALSE
	EndGlobalSection
	GlobalSection(NestedProjects) = preSolution
		{E7E79F70-E02E-44EE-A59C-930B4263D810} = {372D2657-430D-400A-89C0-AE53FFE1FA35}
		{7504B184-0114-4A6B-9E0A-B9F4403B2E6F} = {372D2657-430D-400A-89C0-AE53FFE1FA35}
		{A1ED1F2E-6D60-42E2-B13D-F5AB53B1BF66} = {372D2657-430D-400A-89C0-AE53FFE1FA35}
		{A4AE8341-98F8-4994-8079-C4BE7F6EDBB0} = {47605C7E-3EA5-41B4-BB89-4D46643A3A0F}
		{93DE41AD-3E86-4A04-AFE1-881FF762914A} = {47605C7E-3EA5-41B4-BB89-4D46643A3A0F}
		{62ABB749-FBAF-45C0-B70B-FDC00774C92B} = {47605C7E-3EA5-41B4-BB89-4D46643A3A0F}
	EndGlobalSection
EndGlobal
